{
  "name": "lolm-nfet-ops",
  "version": "0.1.0",
  "lockfileVersion": 3,
  "requires": true,
  "packages": {
    "": {
      "name": "lolm-nfet-ops",
      "version": "0.1.0",
      "hasInstallScript": true,
      "license": "MIT",
      "workspaces": [
        "clients/js",
        "clients/cli"
      ],
      "engines": {
        "node": ">=18"
      }
    },
    "clients/cli": {
      "name": "lolm-cli",
      "version": "0.3.0-beta.2",
      "hasInstallScript": true,
      "license": "MIT",
      "dependencies": {
        "lolm-nfet-client": "^0.3.0-beta.1"
      },
      "bin": {
        "lolm": "bin/lolm-delivery.mjs"
      },
      "engines": {
        "node": ">=20"
      }
    },
    "clients/js": {
      "name": "lolm-nfet-client",
      "version": "0.3.0-beta.1",
      "license": "MIT",
      "engines": {
        "node": ">=18"
      }
    },
    "node_modules/lolm-cli": {
      "resolved": "clients/cli",
      "link": true
    },
    "node_modules/lolm-nfet-client": {
      "resolved": "clients/js",
      "link": true
    }
  }
}
